
Microsoft Visual Studio Solution File, Format Version 12.00
# Visual Studio Version 17
VisualStudioVersion = 17.0.32014.148
MinimumVisualStudioVersion = 10.0.40219.1
Project("{6EC3EE1D-3C4E-46DD-8F32-0CC8E7565705}") = "FSharpCEMixProblem", "FSharpCEMixProblem\FSharpCEMixProblem.fsproj", "{9BE517F1-EC80-4191-9DA0-CBAE78CFE405}"
EndProject
Project("{6EC3EE1D-3C4E-46DD-8F32-0CC8E7565705}") = "Playground.SystemCommandLine", "Playground.SystemCommandLine\Playground.SystemCommandLine.fsproj", "{83AF18A4-449C-4873-8176-389C0B859A7D}"
EndProject
Project("{FAE04EC0-301F-11D3-BF4B-00C04F79EFBC}") = "Playground.CSharp", "Playground.CSharp\Playground.CSharp.csproj", "{5FE730D1-04C9-4E42-B8C5-7EB4D14638A0}"
EndProject
Global
	GlobalSection(SolutionConfigurationPlatforms) = preSolution
		Debug|Any CPU = Debug|Any CPU
		Release|Any CPU = Release|Any CPU
	EndGlobalSection
	GlobalSection(ProjectConfigurationPlatforms) = postSolution
		{9BE517F1-EC80-4191-9DA0-CBAE78CFE405}.Debug|Any CPU.ActiveCfg = Debug|Any CPU
		{9BE517F1-EC80-4191-9DA0-CBAE78CFE405}.Debug|Any CPU.Build.0 = Debug|Any CPU
		{9BE517F1-EC80-4191-9DA0-CBAE78CFE405}.Release|Any CPU.ActiveCfg = Release|Any CPU
		{9BE517F1-EC80-4191-9DA0-CBAE78CFE405}.Release|Any CPU.Build.0 = Release|Any CPU
		{83AF18A4-449C-4873-8176-389C0B859A7D}.Debug|Any CPU.ActiveCfg = Debug|Any CPU
		{83AF18A4-449C-4873-8176-389C0B859A7D}.Debug|Any CPU.Build.0 = Debug|Any CPU
		{83AF18A4-449C-4873-8176-389C0B859A7D}.Release|Any CPU.ActiveCfg = Release|Any CPU
		{83AF18A4-449C-4873-8176-389C0B859A7D}.Release|Any CPU.Build.0 = Release|Any CPU
		{5FE730D1-04C9-4E42-B8C5-7EB4D14638A0}.Debug|Any CPU.ActiveCfg = Debug|Any CPU
		{5FE730D1-04C9-4E42-B8C5-7EB4D14638A0}.Debug|Any CPU.Build.0 = Debug|Any CPU
		{5FE730D1-04C9-4E42-B8C5-7EB4D14638A0}.Release|Any CPU.ActiveCfg = Release|Any CPU
		{5FE730D1-04C9-4E42-B8C5-7EB4D14638A0}.Release|Any CPU.Build.0 = Release|Any CPU
	EndGlobalSection
	GlobalSection(SolutionProperties) = preSolution
		HideSolutionNode = FALSE
	EndGlobalSection
	GlobalSection(ExtensibilityGlobals) = postSolution
		SolutionGuid = {32AADAC4-409A-45C3-B38D-930B5E748302}
	EndGlobalSection
EndGlobal
